
Microsoft Visual Studio Solution File, Format Version 12.00
# Visual Studio Version 17
VisualStudioVersion = 17.0.31903.59
MinimumVisualStudioVersion = 10.0.40219.1
Project("{2150E333-8FDC-42A3-9474-1A3956D46DE8}") = "src", "src", "{827E0CD3-B72D-47B6-A68D-7590B98EB39B}"
EndProject
Project("{FAE04EC0-301F-11D3-BF4B-00C04F79EFBC}") = "BioLens.Core", "src\BioLens.Core\BioLens.Core.csproj", "{4408D225-FD7C-4E0D-9455-F7D20C0E892B}"
EndProject
Project("{FAE04EC0-301F-11D3-BF4B-00C04F79EFBC}") = "BioLens.Infrastructure", "src\BioLens.Infrastructure\BioLens.Infrastructure.csproj", "{18852760-D0CC-4724-99BE-9CE753CAA560}"
EndProject
Project("{FAE04EC0-301F-11D3-BF4B-00C04F79EFBC}") = "BioLens.API", "src\BioLens.API\BioLens.API.csproj", "{8E892B92-7954-4082-8C1C-574BD163B4B5}"
EndProject
Project("{FAE04EC0-301F-11D3-BF4B-00C04F79EFBC}") = "BioLens.CLI", "src\BioLens.CLI\BioLens.CLI.csproj", "{2132F426-7836-4DF5-A369-15E44CC3911D}"
EndProject
Project("{2150E333-8FDC-42A3-9474-1A3956D46DE8}") = "tests", "tests", "{383757F0-D06A-4182-8958-62CA4A8DEA61}"
EndProject
Project("{FAE04EC0-301F-11D3-BF4B-00C04F79EFBC}") = "BioLens.Core.Tests", "tests\BioLens.Core.Tests\BioLens.Core.Tests.csproj", "{55D357A0-5914-4D60-9679-898214A5358D}"
EndProject
Project("{FAE04EC0-301F-11D3-BF4B-00C04F79EFBC}") = "BioLens.Infrastructure.Tests", "tests\BioLens.Infrastructure.Tests\BioLens.Infrastructure.Tests.csproj", "{3FD9A125-6213-407E-B740-4760C0AE4CB8}"
EndProject
Project("{FAE04EC0-301F-11D3-BF4B-00C04F79EFBC}") = "BioLens.API.Tests", "tests\BioLens.API.Tests\BioLens.API.Tests.csproj", "{BE57867B-63A6-4DB9-9DF1-88AA9ACE7BB9}"
EndProject
Project("{FAE04EC0-301F-11D3-BF4B-00C04F79EFBC}") = "BioLens.CLI.Tests", "tests\BioLens.CLI.Tests\BioLens.CLI.Tests.csproj", "{A5DB9D2D-3054-4792-A1E4-7B4229081BC6}"
EndProject
Global
	GlobalSection(SolutionConfigurationPlatforms) = preSolution
		Debug|Any CPU = Debug|Any CPU
		Debug|x64 = Debug|x64
		Debug|x86 = Debug|x86
		Release|Any CPU = Release|Any CPU
		Release|x64 = Release|x64
		Release|x86 = Release|x86
	EndGlobalSection
	GlobalSection(ProjectConfigurationPlatforms) = postSolution
		{4408D225-FD7C-4E0D-9455-F7D20C0E892B}.Debug|Any CPU.ActiveCfg = Debug|Any CPU
		{4408D225-FD7C-4E0D-9455-F7D20C0E892B}.Debug|Any CPU.Build.0 = Debug|Any CPU
		{4408D225-FD7C-4E0D-9455-F7D20C0E892B}.Debug|x64.ActiveCfg = Debug|Any CPU
		{4408D225-FD7C-4E0D-9455-F7D20C0E892B}.Debug|x64.Build.0 = Debug|Any CPU
		{4408D225-FD7C-4E0D-9455-F7D20C0E892B}.Debug|x86.ActiveCfg = Debug|Any CPU
		{4408D225-FD7C-4E0D-9455-F7D20C0E892B}.Debug|x86.Build.0 = Debug|Any CPU
		{4408D225-FD7C-4E0D-9455-F7D20C0E892B}.Release|Any CPU.ActiveCfg = Release|Any CPU
		{4408D225-FD7C-4E0D-9455-F7D20C0E892B}.Release|Any CPU.Build.0 = Release|Any CPU
		{4408D225-FD7C-4E0D-9455-F7D20C0E892B}.Release|x64.ActiveCfg = Release|Any CPU
		{4408D225-FD7C-4E0D-9455-F7D20C0E892B}.Release|x64.Build.0 = Release|Any CPU
		{4408D225-FD7C-4E0D-9455-F7D20C0E892B}.Release|x86.ActiveCfg = Release|Any CPU
		{4408D225-FD7C-4E0D-9455-F7D20C0E892B}.Release|x86.Build.0 = Release|Any CPU
		{18852760-D0CC-4724-99BE-9CE753CAA560}.Debug|Any CPU.ActiveCfg = Debug|Any CPU
		{18852760-D0CC-4724-99BE-9CE753CAA560}.Debug|Any CPU.Build.0 = Debug|Any CPU
		{18852760-D0CC-4724-99BE-9CE753CAA560}.Debug|x64.ActiveCfg = Debug|Any CPU
		{18852760-D0CC-4724-99BE-9CE753CAA560}.Debug|x64.Build.0 = Debug|Any CPU
		{18852760-D0CC-4724-99BE-9CE753CAA560}.Debug|x86.ActiveCfg = Debug|Any CPU
		{18852760-D0CC-4724-99BE-9CE753CAA560}.Debug|x86.Build.0 = Debug|Any CPU
		{18852760-D0CC-4724-99BE-9CE753CAA560}.Release|Any CPU.ActiveCfg = Release|Any CPU
		{18852760-D0CC-4724-99BE-9CE753CAA560}.Release|Any CPU.Build.0 = Release|Any CPU
		{18852760-D0CC-4724-99BE-9CE753CAA560}.Release|x64.ActiveCfg = Release|Any CPU
		{18852760-D0CC-4724-99BE-9CE753CAA560}.Release|x64.Build.0 = Release|Any CPU
		{18852760-D0CC-4724-99BE-9CE753CAA560}.Release|x86.ActiveCfg = Release|Any CPU
		{18852760-D0CC-4724-99BE-9CE753CAA560}.Release|x86.Build.0 = Release|Any CPU
		{8E892B92-7954-4082-8C1C-574BD163B4B5}.Debug|Any CPU.ActiveCfg = Debug|Any CPU
		{8E892B92-7954-4082-8C1C-574BD163B4B5}.Debug|Any CPU.Build.0 = Debug|Any CPU
		{8E892B92-7954-4082-8C1C-574BD163B4B5}.Debug|x64.ActiveCfg = Debug|Any CPU
		{8E892B92-7954-4082-8C1C-574BD163B4B5}.Debug|x64.Build.0 = Debug|Any CPU
		{8E892B92-7954-4082-8C1C-574BD163B4B5}.Debug|x86.ActiveCfg = Debug|Any CPU
		{8E892B92-7954-4082-8C1C-574BD163B4B5}.Debug|x86.Build.0 = Debug|Any CPU
		{8E892B92-7954-4082-8C1C-574BD163B4B5}.Release|Any CPU.ActiveCfg = Release|Any CPU
		{8E892B92-7954-4082-8C1C-574BD163B4B5}.Release|Any CPU.Build.0 = Release|Any CPU
		{8E892B92-7954-4082-8C1C-574BD163B4B5}.Release|x64.ActiveCfg = Release|Any CPU
		{8E892B92-7954-4082-8C1C-574BD163B4B5}.Release|x64.Build.0 = Release|Any CPU
		{8E892B92-7954-4082-8C1C-574BD163B4B5}.Release|x86.ActiveCfg = Release|Any CPU
		{8E892B92-7954-4082-8C1C-574BD163B4B5}.Release|x86.Build.0 = Release|Any CPU
		{2132F426-7836-4DF5-A369-15E44CC3911D}.Debug|Any CPU.ActiveCfg = Debug|Any CPU
		{2132F426-7836-4DF5-A369-15E44CC3911D}.Debug|Any CPU.Build.0 = Debug|Any CPU
		{2132F426-7836-4DF5-A369-15E44CC3911D}.Debug|x64.ActiveCfg = Debug|Any CPU
		{2132F426-7836-4DF5-A369-15E44CC3911D}.Debug|x64.Build.0 = Debug|Any CPU
		{2132F426-7836-4DF5-A369-15E44CC3911D}.Debug|x86.ActiveCfg = Debug|Any CPU
		{2132F426-7836-4DF5-A369-15E44CC3911D}.Debug|x86.Build.0 = Debug|Any CPU
		{2132F426-7836-4DF5-A369-15E44CC3911D}.Release|Any CPU.ActiveCfg = Release|Any CPU
		{2132F426-7836-4DF5-A369-15E44CC3911D}.Release|Any CPU.Build.0 = Release|Any CPU
		{2132F426-7836-4DF5-A369-15E44CC3911D}.Release|x64.ActiveCfg = Release|Any CPU
		{2132F426-7836-4DF5-A369-15E44CC3911D}.Release|x64.Build.0 = Release|Any CPU
		{2132F426-7836-4DF5-A369-15E44CC3911D}.Release|x86.ActiveCfg = Release|Any CPU
		{2132F426-7836-4DF5-A369-15E44CC3911D}.Release|x86.Build.0 = Release|Any CPU
		{55D357A0-5914-4D60-9679-898214A5358D}.Debug|Any CPU.ActiveCfg = Debug|Any CPU
		{55D357A0-5914-4D60-9679-898214A5358D}.Debug|Any CPU.Build.0 = Debug|Any CPU
		{55D357A0-5914-4D60-9679-898214A5358D}.Debug|x64.ActiveCfg = Debug|Any CPU
		{55D357A0-5914-4D60-9679-898214A5358D}.Debug|x64.Build.0 = Debug|Any CPU
		{55D357A0-5914-4D60-9679-898214A5358D}.Debug|x86.ActiveCfg = Debug|Any CPU
		{55D357A0-5914-4D60-9679-898214A5358D}.Debug|x86.Build.0 = Debug|Any CPU
		{55D357A0-5914-4D60-9679-898214A5358D}.Release|Any CPU.ActiveCfg = Release|Any CPU
		{55D357A0-5914-4D60-9679-898214A5358D}.Release|Any CPU.Build.0 = Release|Any CPU
		{55D357A0-5914-4D60-9679-898214A5358D}.Release|x64.ActiveCfg = Release|Any CPU
		{55D357A0-5914-4D60-9679-898214A5358D}.Release|x64.Build.0 = Release|Any CPU
		{55D357A0-5914-4D60-9679-898214A5358D}.Release|x86.ActiveCfg = Release|Any CPU
		{55D357A0-5914-4D60-9679-898214A5358D}.Release|x86.Build.0 = Release|Any CPU
		{3FD9A125-6213-407E-B740-4760C0AE4CB8}.Debug|Any CPU.ActiveCfg = Debug|Any CPU
		{3FD9A125-6213-407E-B740-4760C0AE4CB8}.Debug|Any CPU.Build.0 = Debug|Any CPU
		{3FD9A125-6213-407E-B740-4760C0AE4CB8}.Debug|x64.ActiveCfg = Debug|Any CPU
		{3FD9A125-6213-407E-B740-4760C0AE4CB8}.Debug|x64.Build.0 = Debug|Any CPU
		{3FD9A125-6213-407E-B740-4760C0AE4CB8}.Debug|x86.ActiveCfg = Debug|Any CPU
		{3FD9A125-6213-407E-B740-4760C0AE4CB8}.Debug|x86.Build.0 = Debug|Any CPU
		{3FD9A125-6213-407E-B740-4760C0AE4CB8}.Release|Any CPU.ActiveCfg = Release|Any CPU
		{3FD9A125-6213-407E-B740-4760C0AE4CB8}.Release|Any CPU.Build.0 = Release|Any CPU
		{3FD9A125-6213-407E-B740-4760C0AE4CB8}.Release|x64.ActiveCfg = Release|Any CPU
		{3FD9A125-6213-407E-B740-4760C0AE4CB8}.Release|x64.Build.0 = Release|Any CPU
		{3FD9A125-6213-407E-B740-4760C0AE4CB8}.Release|x86.ActiveCfg = Release|Any CPU
		{3FD9A125-6213-407E-B740-4760C0AE4CB8}.Release|x86.Build.0 = Release|Any CPU
		{BE57867B-63A6-4DB9-9DF1-88AA9ACE7BB9}.Debug|Any CPU.ActiveCfg = Debug|Any CPU
		{BE57867B-63A6-4DB9-9DF1-88AA9ACE7BB9}.Debug|Any CPU.Build.0 = Debug|Any CPU
		{BE57867B-63A6-4DB9-9DF1-88AA9ACE7BB9}.Debug|x64.ActiveCfg = Debug|Any CPU
		{BE57867B-63A6-4DB9-9DF1-88AA9ACE7BB9}.Debug|x64.Build.0 = Debug|Any CPU
		{BE57867B-63A6-4DB9-9DF1-88AA9ACE7BB9}.Debug|x86.ActiveCfg = Debug|Any CPU
		{BE57867B-63A6-4DB9-9DF1-88AA9ACE7BB9}.Debug|x86.Build.0 = Debug|Any CPU
		{BE57867B-63A6-4DB9-9DF1-88AA9ACE7BB9}.Release|Any CPU.ActiveCfg = Release|Any CPU
		{BE57867B-63A6-4DB9-9DF1-88AA9ACE7BB9}.Release|Any CPU.Build.0 = Release|Any CPU
		{BE57867B-63A6-4DB9-9DF1-88AA9ACE7BB9}.Release|x64.ActiveCfg = Release|Any CPU
		{BE57867B-63A6-4DB9-9DF1-88AA9ACE7BB9}.Release|x64.Build.0 = Release|Any CPU
		{BE57867B-63A6-4DB9-9DF1-88AA9ACE7BB9}.Release|x86.ActiveCfg = Release|Any CPU
		{BE57867B-63A6-4DB9-9DF1-88AA9ACE7BB9}.Release|x86.Build.0 = Release|Any CPU
		{A5DB9D2D-3054-4792-A1E4-7B4229081BC6}.Debug|Any CPU.ActiveCfg = Debug|Any CPU
		{A5DB9D2D-3054-4792-A1E4-7B4229081BC6}.Debug|Any CPU.Build.0 = Debug|Any CPU
		{A5DB9D2D-3054-4792-A1E4-7B4229081BC6}.Debug|x64.ActiveCfg = Debug|Any CPU
		{A5DB9D2D-3054-4792-A1E4-7B4229081BC6}.Debug|x64.Build.0 = Debug|Any CPU
		{A5DB9D2D-3054-4792-A1E4-7B4229081BC6}.Debug|x86.ActiveCfg = Debug|Any CPU
		{A5DB9D2D-3054-4792-A1E4-7B4229081BC6}.Debug|x86.Build.0 = Debug|Any CPU
		{A5DB9D2D-3054-4792-A1E4-7B4229081BC6}.Release|Any CPU.ActiveCfg = Release|Any CPU
		{A5DB9D2D-3054-4792-A1E4-7B4229081BC6}.Release|Any CPU.Build.0 = Release|Any CPU
		{A5DB9D2D-3054-4792-A1E4-7B4229081BC6}.Release|x64.ActiveCfg = Release|Any CPU
		{A5DB9D2D-3054-4792-A1E4-7B4229081BC6}.Release|x64.Build.0 = Release|Any CPU
		{A5DB9D2D-3054-4792-A1E4-7B4229081BC6}.Release|x86.ActiveCfg = Release|Any CPU
		{A5DB9D2D-3054-4792-A1E4-7B4229081BC6}.Release|x86.Build.0 = Release|Any CPU
	EndGlobalSection
	GlobalSection(SolutionProperties) = preSolution
		HideSolutionNode = FALSE
	EndGlobalSection
	GlobalSection(NestedProjects) = preSolution
		{4408D225-FD7C-4E0D-9455-F7D20C0E892B} = {827E0CD3-B72D-47B6-A68D-7590B98EB39B}
		{18852760-D0CC-4724-99BE-9CE753CAA560} = {827E0CD3-B72D-47B6-A68D-7590B98EB39B}
		{8E892B92-7954-4082-8C1C-574BD163B4B5} = {827E0CD3-B72D-47B6-A68D-7590B98EB39B}
		{2132F426-7836-4DF5-A369-15E44CC3911D} = {827E0CD3-B72D-47B6-A68D-7590B98EB39B}
		{55D357A0-5914-4D60-9679-898214A5358D} = {383757F0-D06A-4182-8958-62CA4A8DEA61}
		{3FD9A125-6213-407E-B740-4760C0AE4CB8} = {383757F0-D06A-4182-8958-62CA4A8DEA61}
		{BE57867B-63A6-4DB9-9DF1-88AA9ACE7BB9} = {383757F0-D06A-4182-8958-62CA4A8DEA61}
		{A5DB9D2D-3054-4792-A1E4-7B4229081BC6} = {383757F0-D06A-4182-8958-62CA4A8DEA61}
	EndGlobalSection
EndGlobal
